
Microsoft Visual Studio Solution File, Format Version 12.00
# Visual Studio 2012
Project("{FAE04EC0-301F-11D3-BF4B-00C04F79EFBC}") = "one_sti_student_portal", "one_sti_student_portal.csproj", "{B38EAD61-DAFF-4918-BCC7-B56B5B70328F}"
EndProject
Global
	GlobalSection(SolutionConfigurationPlatforms) = preSolution
		Debug|Any CPU = Debug|Any CPU
		Release|Any CPU = Release|Any CPU
	EndGlobalSection
	GlobalSection(ProjectConfigurationPlatforms) = postSolution
		{B38EAD61-DAFF-4918-BCC7-B56B5B70328F}.Debug|Any CPU.ActiveCfg = Debug|Any CPU
		{B38EAD61-DAFF-4918-BCC7-B56B5B70328F}.Debug|Any CPU.Build.0 = Debug|Any CPU
		{B38EAD61-DAFF-4918-BCC7-B56B5B70328F}.Release|Any CPU.ActiveCfg = Release|Any CPU
		{B38EAD61-DAFF-4918-BCC7-B56B5B70328F}.Release|Any CPU.Build.0 = Release|Any CPU
	EndGlobalSection
	GlobalSection(SolutionProperties) = preSolution
		HideSolutionNode = FALSE
	EndGlobalSection
EndGlobal
